// !$*UTF8*$!
{
	archiveVersion = 1;
	classes = {
	};
	objectVersion = 56;
	objects = {

/* Begin PBXBuildFile section */
		00A867492BC8772100EFD23A /* ContentView.swift in Sources */ = {isa = PBXBuildFile; fileRef = 00A867482BC8772100EFD23A /* ContentView.swift */; };
		00A8674B2BC8772200EFD23A /* Assets.xcassets in Resources */ = {isa = PBXBuildFile; fileRef = 00A8674A2BC8772200EFD23A /* Assets.xcassets */; };
		00A8674E2BC8772200EFD23A /* Preview Assets.xcassets in Resources */ = {isa = PBXBuildFile; fileRef = 00A8674D2BC8772200EFD23A /* Preview Assets.xcassets */; };
		00A867512BC8772200EFD23A /* DandieWatch Watch App.app in Embed Watch Content */ = {isa = PBXBuildFile; fileRef = 00A867442BC8772100EFD23A /* DandieWatch Watch App.app */; settings = {ATTRIBUTES = (RemoveHeadersOnCopy, ); }; };
		00A867552BC8774600EFD23A /* MC04App.swift in Sources */ = {isa = PBXBuildFile; fileRef = 19613D0A2BB48B4600738E6C /* MC04App.swift */; };
		00A867562BC8774900EFD23A /* Model.swift in Sources */ = {isa = PBXBuildFile; fileRef = 19613D182BB4908E00738E6C /* Model.swift */; };
		00A867572BC8774C00EFD23A /* FontsEnum.swift in Sources */ = {isa = PBXBuildFile; fileRef = 195C77E62BBC9F20007C8DC9 /* FontsEnum.swift */; };
		00A867582BC8775000EFD23A /* ViewModel.swift in Sources */ = {isa = PBXBuildFile; fileRef = 19613D1F2BB4914E00738E6C /* ViewModel.swift */; };
		00A867592BC8775200EFD23A /* WeekModel.swift in Sources */ = {isa = PBXBuildFile; fileRef = DE03597D2BB627B000BD70D2 /* WeekModel.swift */; };
		00A8675D2BC877A300EFD23A /* CalendarWatch.swift in Sources */ = {isa = PBXBuildFile; fileRef = 00A8675C2BC877A200EFD23A /* CalendarWatch.swift */; };
		00A8675F2BC877CF00EFD23A /* WeekHeader.swift in Sources */ = {isa = PBXBuildFile; fileRef = DE0359772BB5E34B00BD70D2 /* WeekHeader.swift */; };
		00A867612BC877F400EFD23A /* WeekScrollWatch.swift in Sources */ = {isa = PBXBuildFile; fileRef = 00A867602BC877F400EFD23A /* WeekScrollWatch.swift */; };
		00A867632BC8786400EFD23A /* WeekHeaderWatch.swift in Sources */ = {isa = PBXBuildFile; fileRef = 00A867622BC8786400EFD23A /* WeekHeaderWatch.swift */; };
		00A867652BC8859700EFD23A /* SuggestionWatch.swift in Sources */ = {isa = PBXBuildFile; fileRef = 00A867642BC8859700EFD23A /* SuggestionWatch.swift */; };
		00A867662BC8861300EFD23A /* DandiButtonStyle.swift in Sources */ = {isa = PBXBuildFile; fileRef = 1937337B2BC5B95100DFC6C3 /* DandiButtonStyle.swift */; };
		00A867682BC8863600EFD23A /* DandiButtonWatch.swift in Sources */ = {isa = PBXBuildFile; fileRef = 00A867672BC8863600EFD23A /* DandiButtonWatch.swift */; };
		00A8676E2BC9A2A000EFD23A /* EditTaskWatch.swift in Sources */ = {isa = PBXBuildFile; fileRef = 00A8676D2BC9A2A000EFD23A /* EditTaskWatch.swift */; };
		00A867702BC9A2F700EFD23A /* WeekPickerWatch.swift in Sources */ = {isa = PBXBuildFile; fileRef = 00A8676F2BC9A2F700EFD23A /* WeekPickerWatch.swift */; };
		00CA831F2BBDCA5000C0B713 /* SuggestionCard.swift in Sources */ = {isa = PBXBuildFile; fileRef = 00CA831E2BBDCA5000C0B713 /* SuggestionCard.swift */; };
		00CA83212BBDD0F500C0B713 /* Steps.swift in Sources */ = {isa = PBXBuildFile; fileRef = 00CA83202BBDD0F500C0B713 /* Steps.swift */; };
		00CA83232BBDD3D500C0B713 /* SuggestionsView.swift in Sources */ = {isa = PBXBuildFile; fileRef = 00CA83222BBDD3D500C0B713 /* SuggestionsView.swift */; };
		00CA83252BBE067900C0B713 /* DescriptionView.swift in Sources */ = {isa = PBXBuildFile; fileRef = 00CA83242BBE067900C0B713 /* DescriptionView.swift */; };
		1912EFB82BBF223200ABF757 /* SuggestionButtonStyle.swift in Sources */ = {isa = PBXBuildFile; fileRef = 1912EFB72BBF223200ABF757 /* SuggestionButtonStyle.swift */; };
		1937337A2BC5B50000DFC6C3 /* WeekPicker.swift in Sources */ = {isa = PBXBuildFile; fileRef = 193733792BC5B50000DFC6C3 /* WeekPicker.swift */; };
		1937337C2BC5B95100DFC6C3 /* DandiButtonStyle.swift in Sources */ = {isa = PBXBuildFile; fileRef = 1937337B2BC5B95100DFC6C3 /* DandiButtonStyle.swift */; };
		194F742F2BBDE845008AE4E1 /* Digitalt.ttf in Resources */ = {isa = PBXBuildFile; fileRef = 194F742E2BBDE845008AE4E1 /* Digitalt.ttf */; };
		194F74312BBDF0ED008AE4E1 /* ListRowStyle.swift in Sources */ = {isa = PBXBuildFile; fileRef = 194F74302BBDF0ED008AE4E1 /* ListRowStyle.swift */; };
		195681092BCEF21C0085A8CF /* TasksCompletedPopUp.swift in Sources */ = {isa = PBXBuildFile; fileRef = 195681082BCEF21C0085A8CF /* TasksCompletedPopUp.swift */; };
		19571C612BC872D200E57F59 /* OnboardingView.swift in Sources */ = {isa = PBXBuildFile; fileRef = 19571C602BC872D200E57F59 /* OnboardingView.swift */; };
		195C77E12BBC72D0007C8DC9 /* ChecklistView.swift in Sources */ = {isa = PBXBuildFile; fileRef = 195C77E02BBC72D0007C8DC9 /* ChecklistView.swift */; };
		195C77E32BBC7492007C8DC9 /* CheckboxToggleStyle.swift in Sources */ = {isa = PBXBuildFile; fileRef = 195C77E22BBC7492007C8DC9 /* CheckboxToggleStyle.swift */; };
		195C77E52BBC858D007C8DC9 /* EditTaskView.swift in Sources */ = {isa = PBXBuildFile; fileRef = 195C77E42BBC858D007C8DC9 /* EditTaskView.swift */; };
		195C77E72BBC9F20007C8DC9 /* FontsEnum.swift in Sources */ = {isa = PBXBuildFile; fileRef = 195C77E62BBC9F20007C8DC9 /* FontsEnum.swift */; };
		195C77E92BBC9F39007C8DC9 /* TaskSelectorView.swift in Sources */ = {isa = PBXBuildFile; fileRef = 195C77E82BBC9F39007C8DC9 /* TaskSelectorView.swift */; };
		19613D0B2BB48B4600738E6C /* MC04App.swift in Sources */ = {isa = PBXBuildFile; fileRef = 19613D0A2BB48B4600738E6C /* MC04App.swift */; };
		19613D0D2BB48B4600738E6C /* ContentView.swift in Sources */ = {isa = PBXBuildFile; fileRef = 19613D0C2BB48B4600738E6C /* ContentView.swift */; };
		19613D0F2BB48B4800738E6C /* Assets.xcassets in Resources */ = {isa = PBXBuildFile; fileRef = 19613D0E2BB48B4800738E6C /* Assets.xcassets */; };
		19613D122BB48B4800738E6C /* Preview Assets.xcassets in Resources */ = {isa = PBXBuildFile; fileRef = 19613D112BB48B4800738E6C /* Preview Assets.xcassets */; };
		19613D192BB4908E00738E6C /* Model.swift in Sources */ = {isa = PBXBuildFile; fileRef = 19613D182BB4908E00738E6C /* Model.swift */; };
		19613D202BB4914E00738E6C /* ViewModel.swift in Sources */ = {isa = PBXBuildFile; fileRef = 19613D1F2BB4914E00738E6C /* ViewModel.swift */; };
		198BC0CC2BC704C100B482EE /* Assistant-ExtraBold.ttf in Resources */ = {isa = PBXBuildFile; fileRef = 198BC0CB2BC704C100B482EE /* Assistant-ExtraBold.ttf */; };
		198BC0CE2BC704D300B482EE /* Assistant-SemiBold.ttf in Resources */ = {isa = PBXBuildFile; fileRef = 198BC0CD2BC704D300B482EE /* Assistant-SemiBold.ttf */; };
		19BF31692BC99F0500549AB5 /* OnboardingButtonStyle.swift in Sources */ = {isa = PBXBuildFile; fileRef = 19BF31682BC99F0500549AB5 /* OnboardingButtonStyle.swift */; };
		DE0359762BB5E30F00BD70D2 /* CalendarView.swift in Sources */ = {isa = PBXBuildFile; fileRef = DE0359752BB5E30F00BD70D2 /* CalendarView.swift */; };
		DE0359782BB5E34B00BD70D2 /* WeekHeader.swift in Sources */ = {isa = PBXBuildFile; fileRef = DE0359772BB5E34B00BD70D2 /* WeekHeader.swift */; };
		DE03597E2BB627B000BD70D2 /* WeekModel.swift in Sources */ = {isa = PBXBuildFile; fileRef = DE03597D2BB627B000BD70D2 /* WeekModel.swift */; };
		DE7A20662BB96E7A00D85214 /* WeekScroll.swift in Sources */ = {isa = PBXBuildFile; fileRef = DE7A20652BB96E7A00D85214 /* WeekScroll.swift */; };
		DEEBC3C32BC9AA88003D6105 /* FontsEnumWatch.swift in Sources */ = {isa = PBXBuildFile; fileRef = DEEBC3C12BC9A860003D6105 /* FontsEnumWatch.swift */; };
		DEEBC3C42BC9AB2F003D6105 /* Digitalt.ttf in Resources */ = {isa = PBXBuildFile; fileRef = 194F742E2BBDE845008AE4E1 /* Digitalt.ttf */; };
		DEEBC3C52BC9AB32003D6105 /* Assistant-ExtraBold.ttf in Resources */ = {isa = PBXBuildFile; fileRef = 198BC0CB2BC704C100B482EE /* Assistant-ExtraBold.ttf */; };
		DEEBC3C62BC9AB34003D6105 /* Assistant-SemiBold.ttf in Resources */ = {isa = PBXBuildFile; fileRef = 198BC0CD2BC704D300B482EE /* Assistant-SemiBold.ttf */; };
		DEEBC3CD2BC9AB68003D6105 /* Assistant-ExtraBold.ttf in Resources */ = {isa = PBXBuildFile; fileRef = DEEBC3C72BC9AB68003D6105 /* Assistant-ExtraBold.ttf */; };
		DEEBC3CE2BC9AB68003D6105 /* Assistant-Regular.ttf in Resources */ = {isa = PBXBuildFile; fileRef = DEEBC3C82BC9AB68003D6105 /* Assistant-Regular.ttf */; };
		DEEBC3CF2BC9AB68003D6105 /* Assistant-SemiBold.ttf in Resources */ = {isa = PBXBuildFile; fileRef = DEEBC3C92BC9AB68003D6105 /* Assistant-SemiBold.ttf */; };
		DEEBC3D02BC9AB68003D6105 /* Assistant-VariableFont_wght.ttf in Resources */ = {isa = PBXBuildFile; fileRef = DEEBC3CA2BC9AB68003D6105 /* Assistant-VariableFont_wght.ttf */; };
		DEEBC3D12BC9AB68003D6105 /* Digitalt.ttf in Resources */ = {isa = PBXBuildFile; fileRef = DEEBC3CB2BC9AB68003D6105 /* Digitalt.ttf */; };
		DEEBC3D32BC9C32D003D6105 /* TimePickerWatch .swift in Sources */ = {isa = PBXBuildFile; fileRef = DEEBC3D22BC9C32D003D6105 /* TimePickerWatch .swift */; };
		DEEBC3D52BC9CC1F003D6105 /* SuggestionButtonWatch.swift in Sources */ = {isa = PBXBuildFile; fileRef = DEEBC3D42BC9CC1F003D6105 /* SuggestionButtonWatch.swift */; };
		DEEBC3D72BC9CFDB003D6105 /* DescriptionWatch.swift in Sources */ = {isa = PBXBuildFile; fileRef = DEEBC3D62BC9CFDB003D6105 /* DescriptionWatch.swift */; };
/* End PBXBuildFile section */

/* Begin PBXContainerItemProxy section */
		00A8674F2BC8772200EFD23A /* PBXContainerItemProxy */ = {
			isa = PBXContainerItemProxy;
			containerPortal = 19613CFF2BB48B4600738E6C /* Project object */;
			proxyType = 1;
			remoteGlobalIDString = 00A867432BC8772100EFD23A;
			remoteInfo = "DandieWatch Watch App";
		};
/* End PBXContainerItemProxy section */

/* Begin PBXCopyFilesBuildPhase section */
		00128C2C2BC873EF0063397C /* Embed Watch Content */ = {
			isa = PBXCopyFilesBuildPhase;
			buildActionMask = 2147483647;
			dstPath = "$(CONTENTS_FOLDER_PATH)/Watch";
			dstSubfolderSpec = 16;
			files = (
				00A867512BC8772200EFD23A /* DandieWatch Watch App.app in Embed Watch Content */,
			);
			name = "Embed Watch Content";
			runOnlyForDeploymentPostprocessing = 0;
		};
/* End PBXCopyFilesBuildPhase section */

/* Begin PBXFileReference section */
		00A867442BC8772100EFD23A /* DandieWatch Watch App.app */ = {isa = PBXFileReference; explicitFileType = wrapper.application; includeInIndex = 0; path = "DandieWatch Watch App.app"; sourceTree = BUILT_PRODUCTS_DIR; };
		00A867482BC8772100EFD23A /* ContentView.swift */ = {isa = PBXFileReference; lastKnownFileType = sourcecode.swift; path = ContentView.swift; sourceTree = "<group>"; };
		00A8674A2BC8772200EFD23A /* Assets.xcassets */ = {isa = PBXFileReference; lastKnownFileType = folder.assetcatalog; path = Assets.xcassets; sourceTree = "<group>"; };
		00A8674D2BC8772200EFD23A /* Preview Assets.xcassets */ = {isa = PBXFileReference; lastKnownFileType = folder.assetcatalog; path = "Preview Assets.xcassets"; sourceTree = "<group>"; };
		00A8675C2BC877A200EFD23A /* CalendarWatch.swift */ = {isa = PBXFileReference; lastKnownFileType = sourcecode.swift; path = CalendarWatch.swift; sourceTree = "<group>"; };
		00A867602BC877F400EFD23A /* WeekScrollWatch.swift */ = {isa = PBXFileReference; lastKnownFileType = sourcecode.swift; path = WeekScrollWatch.swift; sourceTree = "<group>"; };
		00A867622BC8786400EFD23A /* WeekHeaderWatch.swift */ = {isa = PBXFileReference; lastKnownFileType = sourcecode.swift; path = WeekHeaderWatch.swift; sourceTree = "<group>"; };
		00A867642BC8859700EFD23A /* SuggestionWatch.swift */ = {isa = PBXFileReference; lastKnownFileType = sourcecode.swift; path = SuggestionWatch.swift; sourceTree = "<group>"; };
		00A867672BC8863600EFD23A /* DandiButtonWatch.swift */ = {isa = PBXFileReference; lastKnownFileType = sourcecode.swift; path = DandiButtonWatch.swift; sourceTree = "<group>"; };
		00A8676D2BC9A2A000EFD23A /* EditTaskWatch.swift */ = {isa = PBXFileReference; lastKnownFileType = sourcecode.swift; path = EditTaskWatch.swift; sourceTree = "<group>"; };
		00A8676F2BC9A2F700EFD23A /* WeekPickerWatch.swift */ = {isa = PBXFileReference; lastKnownFileType = sourcecode.swift; path = WeekPickerWatch.swift; sourceTree = "<group>"; };
		00CA831E2BBDCA5000C0B713 /* SuggestionCard.swift */ = {isa = PBXFileReference; lastKnownFileType = sourcecode.swift; path = SuggestionCard.swift; sourceTree = "<group>"; };
		00CA83202BBDD0F500C0B713 /* Steps.swift */ = {isa = PBXFileReference; lastKnownFileType = sourcecode.swift; path = Steps.swift; sourceTree = "<group>"; };
		00CA83222BBDD3D500C0B713 /* SuggestionsView.swift */ = {isa = PBXFileReference; lastKnownFileType = sourcecode.swift; path = SuggestionsView.swift; sourceTree = "<group>"; };
		00CA83242BBE067900C0B713 /* DescriptionView.swift */ = {isa = PBXFileReference; lastKnownFileType = sourcecode.swift; path = DescriptionView.swift; sourceTree = "<group>"; };
		1912EFB72BBF223200ABF757 /* SuggestionButtonStyle.swift */ = {isa = PBXFileReference; lastKnownFileType = sourcecode.swift; path = SuggestionButtonStyle.swift; sourceTree = "<group>"; };
		193733792BC5B50000DFC6C3 /* WeekPicker.swift */ = {isa = PBXFileReference; fileEncoding = 4; lastKnownFileType = sourcecode.swift; path = WeekPicker.swift; sourceTree = "<group>"; };
		1937337B2BC5B95100DFC6C3 /* DandiButtonStyle.swift */ = {isa = PBXFileReference; lastKnownFileType = sourcecode.swift; path = DandiButtonStyle.swift; sourceTree = "<group>"; };
		194F742C2BBDE74B008AE4E1 /* Info.plist */ = {isa = PBXFileReference; lastKnownFileType = text.plist; path = Info.plist; sourceTree = "<group>"; };
		194F742E2BBDE845008AE4E1 /* Digitalt.ttf */ = {isa = PBXFileReference; lastKnownFileType = file; path = Digitalt.ttf; sourceTree = "<group>"; };
		194F74302BBDF0ED008AE4E1 /* ListRowStyle.swift */ = {isa = PBXFileReference; lastKnownFileType = sourcecode.swift; path = ListRowStyle.swift; sourceTree = "<group>"; };
		195681082BCEF21C0085A8CF /* TasksCompletedPopUp.swift */ = {isa = PBXFileReference; lastKnownFileType = sourcecode.swift; path = TasksCompletedPopUp.swift; sourceTree = "<group>"; };
		19571C602BC872D200E57F59 /* OnboardingView.swift */ = {isa = PBXFileReference; lastKnownFileType = sourcecode.swift; path = OnboardingView.swift; sourceTree = "<group>"; };
		195C77E02BBC72D0007C8DC9 /* ChecklistView.swift */ = {isa = PBXFileReference; lastKnownFileType = sourcecode.swift; path = ChecklistView.swift; sourceTree = "<group>"; };
		195C77E22BBC7492007C8DC9 /* CheckboxToggleStyle.swift */ = {isa = PBXFileReference; lastKnownFileType = sourcecode.swift; path = CheckboxToggleStyle.swift; sourceTree = "<group>"; };
		195C77E42BBC858D007C8DC9 /* EditTaskView.swift */ = {isa = PBXFileReference; lastKnownFileType = sourcecode.swift; path = EditTaskView.swift; sourceTree = "<group>"; };
		195C77E62BBC9F20007C8DC9 /* FontsEnum.swift */ = {isa = PBXFileReference; lastKnownFileType = sourcecode.swift; path = FontsEnum.swift; sourceTree = "<group>"; };
		195C77E82BBC9F39007C8DC9 /* TaskSelectorView.swift */ = {isa = PBXFileReference; lastKnownFileType = sourcecode.swift; path = TaskSelectorView.swift; sourceTree = "<group>"; };
		19613D072BB48B4600738E6C /* Dandie.app */ = {isa = PBXFileReference; explicitFileType = wrapper.application; includeInIndex = 0; path = Dandie.app; sourceTree = BUILT_PRODUCTS_DIR; };
		19613D0A2BB48B4600738E6C /* MC04App.swift */ = {isa = PBXFileReference; lastKnownFileType = sourcecode.swift; path = MC04App.swift; sourceTree = "<group>"; };
		19613D0C2BB48B4600738E6C /* ContentView.swift */ = {isa = PBXFileReference; lastKnownFileType = sourcecode.swift; path = ContentView.swift; sourceTree = "<group>"; };
		19613D0E2BB48B4800738E6C /* Assets.xcassets */ = {isa = PBXFileReference; lastKnownFileType = folder.assetcatalog; path = Assets.xcassets; sourceTree = "<group>"; };
		19613D112BB48B4800738E6C /* Preview Assets.xcassets */ = {isa = PBXFileReference; lastKnownFileType = folder.assetcatalog; path = "Preview Assets.xcassets"; sourceTree = "<group>"; };
		19613D182BB4908E00738E6C /* Model.swift */ = {isa = PBXFileReference; lastKnownFileType = sourcecode.swift; path = Model.swift; sourceTree = "<group>"; };
		19613D1F2BB4914E00738E6C /* ViewModel.swift */ = {isa = PBXFileReference; lastKnownFileType = sourcecode.swift; path = ViewModel.swift; sourceTree = "<group>"; };
		198BC0CB2BC704C100B482EE /* Assistant-ExtraBold.ttf */ = {isa = PBXFileReference; lastKnownFileType = file; path = "Assistant-ExtraBold.ttf"; sourceTree = "<group>"; };
		198BC0CD2BC704D300B482EE /* Assistant-SemiBold.ttf */ = {isa = PBXFileReference; lastKnownFileType = file; path = "Assistant-SemiBold.ttf"; sourceTree = "<group>"; };
		19BF31682BC99F0500549AB5 /* OnboardingButtonStyle.swift */ = {isa = PBXFileReference; lastKnownFileType = sourcecode.swift; path = OnboardingButtonStyle.swift; sourceTree = "<group>"; };
		DE0359752BB5E30F00BD70D2 /* CalendarView.swift */ = {isa = PBXFileReference; lastKnownFileType = sourcecode.swift; path = CalendarView.swift; sourceTree = "<group>"; };
		DE0359772BB5E34B00BD70D2 /* WeekHeader.swift */ = {isa = PBXFileReference; lastKnownFileType = sourcecode.swift; path = WeekHeader.swift; sourceTree = "<group>"; };
		DE03597D2BB627B000BD70D2 /* WeekModel.swift */ = {isa = PBXFileReference; lastKnownFileType = sourcecode.swift; path = WeekModel.swift; sourceTree = "<group>"; };
		DE7A20652BB96E7A00D85214 /* WeekScroll.swift */ = {isa = PBXFileReference; lastKnownFileType = sourcecode.swift; path = WeekScroll.swift; sourceTree = "<group>"; };
		DEEBC3C12BC9A860003D6105 /* FontsEnumWatch.swift */ = {isa = PBXFileReference; lastKnownFileType = sourcecode.swift; path = FontsEnumWatch.swift; sourceTree = "<group>"; };
		DEEBC3C72BC9AB68003D6105 /* Assistant-ExtraBold.ttf */ = {isa = PBXFileReference; lastKnownFileType = file; path = "Assistant-ExtraBold.ttf"; sourceTree = "<group>"; };
		DEEBC3C82BC9AB68003D6105 /* Assistant-Regular.ttf */ = {isa = PBXFileReference; lastKnownFileType = file; path = "Assistant-Regular.ttf"; sourceTree = "<group>"; };
		DEEBC3C92BC9AB68003D6105 /* Assistant-SemiBold.ttf */ = {isa = PBXFileReference; lastKnownFileType = file; path = "Assistant-SemiBold.ttf"; sourceTree = "<group>"; };
		DEEBC3CA2BC9AB68003D6105 /* Assistant-VariableFont_wght.ttf */ = {isa = PBXFileReference; lastKnownFileType = file; path = "Assistant-VariableFont_wght.ttf"; sourceTree = "<group>"; };
		DEEBC3CB2BC9AB68003D6105 /* Digitalt.ttf */ = {isa = PBXFileReference; lastKnownFileType = file; path = Digitalt.ttf; sourceTree = "<group>"; };
		DEEBC3D22BC9C32D003D6105 /* TimePickerWatch .swift */ = {isa = PBXFileReference; lastKnownFileType = sourcecode.swift; path = "TimePickerWatch .swift"; sourceTree = "<group>"; };
		DEEBC3D42BC9CC1F003D6105 /* SuggestionButtonWatch.swift */ = {isa = PBXFileReference; lastKnownFileType = sourcecode.swift; path = SuggestionButtonWatch.swift; sourceTree = "<group>"; };
		DEEBC3D62BC9CFDB003D6105 /* DescriptionWatch.swift */ = {isa = PBXFileReference; lastKnownFileType = sourcecode.swift; path = DescriptionWatch.swift; sourceTree = "<group>"; };
/* End PBXFileReference section */

/* Begin PBXFrameworksBuildPhase section */
		00A867412BC8772100EFD23A /* Frameworks */ = {
			isa = PBXFrameworksBuildPhase;
			buildActionMask = 2147483647;
			files = (
			);
			runOnlyForDeploymentPostprocessing = 0;
		};
		19613D042BB48B4600738E6C /* Frameworks */ = {
			isa = PBXFrameworksBuildPhase;
			buildActionMask = 2147483647;
			files = (
			);
			runOnlyForDeploymentPostprocessing = 0;
		};
/* End PBXFrameworksBuildPhase section */

/* Begin PBXGroup section */
		00A867452BC8772100EFD23A /* DandieWatch Watch App */ = {
			isa = PBXGroup;
			children = (
				DEEBC3C12BC9A860003D6105 /* FontsEnumWatch.swift */,
				00A867482BC8772100EFD23A /* ContentView.swift */,
				00A8675C2BC877A200EFD23A /* CalendarWatch.swift */,
				DEEBC3D62BC9CFDB003D6105 /* DescriptionWatch.swift */,
				00A867642BC8859700EFD23A /* SuggestionWatch.swift */,
				00A867602BC877F400EFD23A /* WeekScrollWatch.swift */,
				00A8676D2BC9A2A000EFD23A /* EditTaskWatch.swift */,
				00A867622BC8786400EFD23A /* WeekHeaderWatch.swift */,
				00A867672BC8863600EFD23A /* DandiButtonWatch.swift */,
				00A8676F2BC9A2F700EFD23A /* WeekPickerWatch.swift */,
				DEEBC3D22BC9C32D003D6105 /* TimePickerWatch .swift */,
				DEEBC3D42BC9CC1F003D6105 /* SuggestionButtonWatch.swift */,
				DEEBC3CC2BC9AB68003D6105 /* Fonts */,
				00A8674A2BC8772200EFD23A /* Assets.xcassets */,
				00A8674C2BC8772200EFD23A /* Preview Content */,
			);
			path = "DandieWatch Watch App";
			sourceTree = "<group>";
		};
		00A8674C2BC8772200EFD23A /* Preview Content */ = {
			isa = PBXGroup;
			children = (
				00A8674D2BC8772200EFD23A /* Preview Assets.xcassets */,
			);
			path = "Preview Content";
			sourceTree = "<group>";
		};
		194F742D2BBDE82C008AE4E1 /* Fonts */ = {
			isa = PBXGroup;
			children = (
				194F742E2BBDE845008AE4E1 /* Digitalt.ttf */,
				198BC0CB2BC704C100B482EE /* Assistant-ExtraBold.ttf */,
				198BC0CD2BC704D300B482EE /* Assistant-SemiBold.ttf */,
			);
			path = Fonts;
			sourceTree = "<group>";
		};
		19613CFE2BB48B4600738E6C = {
			isa = PBXGroup;
			children = (
				19613D092BB48B4600738E6C /* MC04 */,
				00A867452BC8772100EFD23A /* DandieWatch Watch App */,
				19613D082BB48B4600738E6C /* Products */,
			);
			sourceTree = "<group>";
		};
		19613D082BB48B4600738E6C /* Products */ = {
			isa = PBXGroup;
			children = (
				19613D072BB48B4600738E6C /* Dandie.app */,
				00A867442BC8772100EFD23A /* DandieWatch Watch App.app */,
			);
			name = Products;
			sourceTree = "<group>";
		};
		19613D092BB48B4600738E6C /* MC04 */ = {
			isa = PBXGroup;
			children = (
				194F742C2BBDE74B008AE4E1 /* Info.plist */,
				19613D0A2BB48B4600738E6C /* MC04App.swift */,
				19613D1A2BB4909A00738E6C /* Model */,
				19613D212BB4915D00738E6C /* ViewModel */,
				19613D1E2BB4910B00738E6C /* View */,
				19613D222BB4928400738E6C /* Components */,
				194F742D2BBDE82C008AE4E1 /* Fonts */,
				19613D0E2BB48B4800738E6C /* Assets.xcassets */,
				19613D102BB48B4800738E6C /* Preview Content */,
			);
			path = MC04;
			sourceTree = "<group>";
		};
		19613D102BB48B4800738E6C /* Preview Content */ = {
			isa = PBXGroup;
			children = (
				19613D112BB48B4800738E6C /* Preview Assets.xcassets */,
			);
			path = "Preview Content";
			sourceTree = "<group>";
		};
		19613D1A2BB4909A00738E6C /* Model */ = {
			isa = PBXGroup;
			children = (
				19613D182BB4908E00738E6C /* Model.swift */,
				195C77E62BBC9F20007C8DC9 /* FontsEnum.swift */,
			);
			path = Model;
			sourceTree = "<group>";
		};
		19613D1E2BB4910B00738E6C /* View */ = {
			isa = PBXGroup;
			children = (
				195C77E82BBC9F39007C8DC9 /* TaskSelectorView.swift */,
				19613D0C2BB48B4600738E6C /* ContentView.swift */,
				DE0359752BB5E30F00BD70D2 /* CalendarView.swift */,
				195C77E02BBC72D0007C8DC9 /* ChecklistView.swift */,
				195C77E42BBC858D007C8DC9 /* EditTaskView.swift */,
				00CA83222BBDD3D500C0B713 /* SuggestionsView.swift */,
				00CA83242BBE067900C0B713 /* DescriptionView.swift */,
				19571C602BC872D200E57F59 /* OnboardingView.swift */,
			);
			path = View;
			sourceTree = "<group>";
		};
		19613D212BB4915D00738E6C /* ViewModel */ = {
			isa = PBXGroup;
			children = (
				19613D1F2BB4914E00738E6C /* ViewModel.swift */,
				DE03597D2BB627B000BD70D2 /* WeekModel.swift */,
			);
			path = ViewModel;
			sourceTree = "<group>";
		};
		19613D222BB4928400738E6C /* Components */ = {
			isa = PBXGroup;
			children = (
				DE0359772BB5E34B00BD70D2 /* WeekHeader.swift */,
				DE7A20652BB96E7A00D85214 /* WeekScroll.swift */,
				195C77E22BBC7492007C8DC9 /* CheckboxToggleStyle.swift */,
				194F74302BBDF0ED008AE4E1 /* ListRowStyle.swift */,
				00CA831E2BBDCA5000C0B713 /* SuggestionCard.swift */,
				1912EFB72BBF223200ABF757 /* SuggestionButtonStyle.swift */,
				00CA83202BBDD0F500C0B713 /* Steps.swift */,
				193733792BC5B50000DFC6C3 /* WeekPicker.swift */,
				1937337B2BC5B95100DFC6C3 /* DandiButtonStyle.swift */,
				19BF31682BC99F0500549AB5 /* OnboardingButtonStyle.swift */,
				195681082BCEF21C0085A8CF /* TasksCompletedPopUp.swift */,
			);
			path = Components;
			sourceTree = "<group>";
		};
		DEEBC3CC2BC9AB68003D6105 /* Fonts */ = {
			isa = PBXGroup;
			children = (
				DEEBC3C72BC9AB68003D6105 /* Assistant-ExtraBold.ttf */,
				DEEBC3C82BC9AB68003D6105 /* Assistant-Regular.ttf */,
				DEEBC3C92BC9AB68003D6105 /* Assistant-SemiBold.ttf */,
				DEEBC3CA2BC9AB68003D6105 /* Assistant-VariableFont_wght.ttf */,
				DEEBC3CB2BC9AB68003D6105 /* Digitalt.ttf */,
			);
			name = Fonts;
			path = MC04/Fonts;
			sourceTree = SOURCE_ROOT;
		};
/* End PBXGroup section */

/* Begin PBXNativeTarget section */
		00A867432BC8772100EFD23A /* DandieWatch Watch App */ = {
			isa = PBXNativeTarget;
			buildConfigurationList = 00A867542BC8772200EFD23A /* Build configuration list for PBXNativeTarget "DandieWatch Watch App" */;
			buildPhases = (
				00A867402BC8772100EFD23A /* Sources */,
				00A867412BC8772100EFD23A /* Frameworks */,
				00A867422BC8772100EFD23A /* Resources */,
			);
			buildRules = (
			);
			dependencies = (
			);
			name = "DandieWatch Watch App";
			productName = "DandieWatch Watch App";
			productReference = 00A867442BC8772100EFD23A /* DandieWatch Watch App.app */;
			productType = "com.apple.product-type.application";
		};
		19613D062BB48B4600738E6C /* Dandie */ = {
			isa = PBXNativeTarget;
			buildConfigurationList = 19613D152BB48B4800738E6C /* Build configuration list for PBXNativeTarget "Dandie" */;
			buildPhases = (
				19613D032BB48B4600738E6C /* Sources */,
				19613D042BB48B4600738E6C /* Frameworks */,
				19613D052BB48B4600738E6C /* Resources */,
				00128C2C2BC873EF0063397C /* Embed Watch Content */,
			);
			buildRules = (
			);
			dependencies = (
				00A867502BC8772200EFD23A /* PBXTargetDependency */,
			);
			name = Dandie;
			productName = MC04;
			productReference = 19613D072BB48B4600738E6C /* Dandie.app */;
			productType = "com.apple.product-type.application";
		};
/* End PBXNativeTarget section */

/* Begin PBXProject section */
		19613CFF2BB48B4600738E6C /* Project object */ = {
			isa = PBXProject;
			attributes = {
				BuildIndependentTargetsInParallel = 1;
				LastSwiftUpdateCheck = 1530;
				LastUpgradeCheck = 1530;
				TargetAttributes = {
					00A867432BC8772100EFD23A = {
						CreatedOnToolsVersion = 15.3;
					};
					19613D062BB48B4600738E6C = {
						CreatedOnToolsVersion = 15.3;
					};
				};
			};
			buildConfigurationList = 19613D022BB48B4600738E6C /* Build configuration list for PBXProject "MC04" */;
			compatibilityVersion = "Xcode 14.0";
			developmentRegion = en;
			hasScannedForEncodings = 0;
			knownRegions = (
				en,
				Base,
			);
			mainGroup = 19613CFE2BB48B4600738E6C;
			productRefGroup = 19613D082BB48B4600738E6C /* Products */;
			projectDirPath = "";
			projectRoot = "";
			targets = (
				19613D062BB48B4600738E6C /* Dandie */,
				00A867432BC8772100EFD23A /* DandieWatch Watch App */,
			);
		};
/* End PBXProject section */

/* Begin PBXResourcesBuildPhase section */
		00A867422BC8772100EFD23A /* Resources */ = {
			isa = PBXResourcesBuildPhase;
			buildActionMask = 2147483647;
			files = (
				DEEBC3D12BC9AB68003D6105 /* Digitalt.ttf in Resources */,
				DEEBC3CF2BC9AB68003D6105 /* Assistant-SemiBold.ttf in Resources */,
				DEEBC3C62BC9AB34003D6105 /* Assistant-SemiBold.ttf in Resources */,
				DEEBC3D02BC9AB68003D6105 /* Assistant-VariableFont_wght.ttf in Resources */,
				00A8674E2BC8772200EFD23A /* Preview Assets.xcassets in Resources */,
				00A8674B2BC8772200EFD23A /* Assets.xcassets in Resources */,
				DEEBC3C42BC9AB2F003D6105 /* Digitalt.ttf in Resources */,
				DEEBC3CE2BC9AB68003D6105 /* Assistant-Regular.ttf in Resources */,
				DEEBC3C52BC9AB32003D6105 /* Assistant-ExtraBold.ttf in Resources */,
				DEEBC3CD2BC9AB68003D6105 /* Assistant-ExtraBold.ttf in Resources */,
			);
			runOnlyForDeploymentPostprocessing = 0;
		};
		19613D052BB48B4600738E6C /* Resources */ = {
			isa = PBXResourcesBuildPhase;
			buildActionMask = 2147483647;
			files = (
				198BC0CC2BC704C100B482EE /* Assistant-ExtraBold.ttf in Resources */,
				19613D122BB48B4800738E6C /* Preview Assets.xcassets in Resources */,
				19613D0F2BB48B4800738E6C /* Assets.xcassets in Resources */,
				198BC0CE2BC704D300B482EE /* Assistant-SemiBold.ttf in Resources */,
				194F742F2BBDE845008AE4E1 /* Digitalt.ttf in Resources */,
			);
			runOnlyForDeploymentPostprocessing = 0;
		};
/* End PBXResourcesBuildPhase section */

/* Begin PBXSourcesBuildPhase section */
		00A867402BC8772100EFD23A /* Sources */ = {
			isa = PBXSourcesBuildPhase;
			buildActionMask = 2147483647;
			files = (
				00A8676E2BC9A2A000EFD23A /* EditTaskWatch.swift in Sources */,
				DEEBC3D52BC9CC1F003D6105 /* SuggestionButtonWatch.swift in Sources */,
				00A8675F2BC877CF00EFD23A /* WeekHeader.swift in Sources */,
				00A867702BC9A2F700EFD23A /* WeekPickerWatch.swift in Sources */,
				DEEBC3D72BC9CFDB003D6105 /* DescriptionWatch.swift in Sources */,
				00A867552BC8774600EFD23A /* MC04App.swift in Sources */,
				DEEBC3D32BC9C32D003D6105 /* TimePickerWatch .swift in Sources */,
				00A867662BC8861300EFD23A /* DandiButtonStyle.swift in Sources */,
				DEEBC3C32BC9AA88003D6105 /* FontsEnumWatch.swift in Sources */,
				00A867492BC8772100EFD23A /* ContentView.swift in Sources */,
				00A867572BC8774C00EFD23A /* FontsEnum.swift in Sources */,
				00A867682BC8863600EFD23A /* DandiButtonWatch.swift in Sources */,
				00A867632BC8786400EFD23A /* WeekHeaderWatch.swift in Sources */,
				00A867612BC877F400EFD23A /* WeekScrollWatch.swift in Sources */,
				00A8675D2BC877A300EFD23A /* CalendarWatch.swift in Sources */,
				00A867592BC8775200EFD23A /* WeekModel.swift in Sources */,
				00A867582BC8775000EFD23A /* ViewModel.swift in Sources */,
				00A867562BC8774900EFD23A /* Model.swift in Sources */,
				00A867652BC8859700EFD23A /* SuggestionWatch.swift in Sources */,
			);
			runOnlyForDeploymentPostprocessing = 0;
		};
		19613D032BB48B4600738E6C /* Sources */ = {
			isa = PBXSourcesBuildPhase;
			buildActionMask = 2147483647;
			files = (
				DE0359782BB5E34B00BD70D2 /* WeekHeader.swift in Sources */,
				195C77E12BBC72D0007C8DC9 /* ChecklistView.swift in Sources */,
				19613D202BB4914E00738E6C /* ViewModel.swift in Sources */,
				194F74312BBDF0ED008AE4E1 /* ListRowStyle.swift in Sources */,
				00CA83252BBE067900C0B713 /* DescriptionView.swift in Sources */,
				00CA83232BBDD3D500C0B713 /* SuggestionsView.swift in Sources */,
				195C77E32BBC7492007C8DC9 /* CheckboxToggleStyle.swift in Sources */,
				1912EFB82BBF223200ABF757 /* SuggestionButtonStyle.swift in Sources */,
				1937337C2BC5B95100DFC6C3 /* DandiButtonStyle.swift in Sources */,
				19BF31692BC99F0500549AB5 /* OnboardingButtonStyle.swift in Sources */,
				DE0359762BB5E30F00BD70D2 /* CalendarView.swift in Sources */,
				195681092BCEF21C0085A8CF /* TasksCompletedPopUp.swift in Sources */,
				00CA83212BBDD0F500C0B713 /* Steps.swift in Sources */,
				00CA831F2BBDCA5000C0B713 /* SuggestionCard.swift in Sources */,
				DE7A20662BB96E7A00D85214 /* WeekScroll.swift in Sources */,
				DE03597E2BB627B000BD70D2 /* WeekModel.swift in Sources */,
				195C77E72BBC9F20007C8DC9 /* FontsEnum.swift in Sources */,
				19613D192BB4908E00738E6C /* Model.swift in Sources */,
				1937337A2BC5B50000DFC6C3 /* WeekPicker.swift in Sources */,
				195C77E92BBC9F39007C8DC9 /* TaskSelectorView.swift in Sources */,
				195C77E52BBC858D007C8DC9 /* EditTaskView.swift in Sources */,
				19613D0D2BB48B4600738E6C /* ContentView.swift in Sources */,
				19613D0B2BB48B4600738E6C /* MC04App.swift in Sources */,
				19571C612BC872D200E57F59 /* OnboardingView.swift in Sources */,
			);
			runOnlyForDeploymentPostprocessing = 0;
		};
/* End PBXSourcesBuildPhase section */

/* Begin PBXTargetDependency section */
		00A867502BC8772200EFD23A /* PBXTargetDependency */ = {
			isa = PBXTargetDependency;
			target = 00A867432BC8772100EFD23A /* DandieWatch Watch App */;
			targetProxy = 00A8674F2BC8772200EFD23A /* PBXContainerItemProxy */;
		};
/* End PBXTargetDependency section */

/* Begin XCBuildConfiguration section */
		00A867522BC8772200EFD23A /* Debug */ = {
			isa = XCBuildConfiguration;
			buildSettings = {
				ASSETCATALOG_COMPILER_APPICON_NAME = AppIcon;
				ASSETCATALOG_COMPILER_GLOBAL_ACCENT_COLOR_NAME = AccentColor;
				CODE_SIGN_STYLE = Automatic;
				CURRENT_PROJECT_VERSION = 1;
				DEVELOPMENT_ASSET_PATHS = "\"DandieWatch Watch App/Preview Content\"";
				DEVELOPMENT_TEAM = 8T6XBC66CF;
				ENABLE_PREVIEWS = YES;
				GENERATE_INFOPLIST_FILE = YES;
				INFOPLIST_KEY_CFBundleDisplayName = DandieWatch;
				INFOPLIST_KEY_UISupportedInterfaceOrientations = "UIInterfaceOrientationPortrait UIInterfaceOrientationPortraitUpsideDown";
				INFOPLIST_KEY_WKCompanionAppBundleIdentifier = andreucci.MC04;
				INFOPLIST_KEY_WKRunsIndependentlyOfCompanionApp = YES;
				LD_RUNPATH_SEARCH_PATHS = (
					"$(inherited)",
					"@executable_path/Frameworks",
				);
				MARKETING_VERSION = 1.0;
				PRODUCT_BUNDLE_IDENTIFIER = andreucci.MC04.watchkitapp;
				PRODUCT_NAME = "$(TARGET_NAME)";
				SDKROOT = watchos;
				SKIP_INSTALL = YES;
				SWIFT_EMIT_LOC_STRINGS = YES;
				SWIFT_VERSION = 5.0;
				TARGETED_DEVICE_FAMILY = 4;
				WATCHOS_DEPLOYMENT_TARGET = 10.4;
			};
			name = Debug;
		};
		00A867532BC8772200EFD23A /* Release */ = {
			isa = XCBuildConfiguration;
			buildSettings = {
				ASSETCATALOG_COMPILER_APPICON_NAME = AppIcon;
				ASSETCATALOG_COMPILER_GLOBAL_ACCENT_COLOR_NAME = AccentColor;
				CODE_SIGN_STYLE = Automatic;
				CURRENT_PROJECT_VERSION = 1;
				DEVELOPMENT_ASSET_PATHS = "\"DandieWatch Watch App/Preview Content\"";
				DEVELOPMENT_TEAM = 8T6XBC66CF;
				ENABLE_PREVIEWS = YES;
				GENERATE_INFOPLIST_FILE = YES;
				INFOPLIST_KEY_CFBundleDisplayName = DandieWatch;
				INFOPLIST_KEY_UISupportedInterfaceOrientations = "UIInterfaceOrientationPortrait UIInterfaceOrientationPortraitUpsideDown";
				INFOPLIST_KEY_WKCompanionAppBundleIdentifier = andreucci.MC04;
				INFOPLIST_KEY_WKRunsIndependentlyOfCompanionApp = YES;
				LD_RUNPATH_SEARCH_PATHS = (
					"$(inherited)",
					"@executable_path/Frameworks",
				);
				MARKETING_VERSION = 1.0;
				PRODUCT_BUNDLE_IDENTIFIER = andreucci.MC04.watchkitapp;
				PRODUCT_NAME = "$(TARGET_NAME)";
				SDKROOT = watchos;
				SKIP_INSTALL = YES;
				SWIFT_EMIT_LOC_STRINGS = YES;
				SWIFT_VERSION = 5.0;
				TARGETED_DEVICE_FAMILY = 4;
				WATCHOS_DEPLOYMENT_TARGET = 10.4;
			};
			name = Release;
		};
		19613D132BB48B4800738E6C /* Debug */ = {
			isa = XCBuildConfiguration;
			buildSettings = {
				ALWAYS_SEARCH_USER_PATHS = NO;
				ASSETCATALOG_COMPILER_GENERATE_SWIFT_ASSET_SYMBOL_EXTENSIONS = YES;
				CLANG_ANALYZER_NONNULL = YES;
				CLANG_ANALYZER_NUMBER_OBJECT_CONVERSION = YES_AGGRESSIVE;
				CLANG_CXX_LANGUAGE_STANDARD = "gnu++20";
				CLANG_ENABLE_MODULES = YES;
				CLANG_ENABLE_OBJC_ARC = YES;
				CLANG_ENABLE_OBJC_WEAK = YES;
				CLANG_WARN_BLOCK_CAPTURE_AUTORELEASING = YES;
				CLANG_WARN_BOOL_CONVERSION = YES;
				CLANG_WARN_COMMA = YES;
				CLANG_WARN_CONSTANT_CONVERSION = YES;
				CLANG_WARN_DEPRECATED_OBJC_IMPLEMENTATIONS = YES;
				CLANG_WARN_DIRECT_OBJC_ISA_USAGE = YES_ERROR;
				CLANG_WARN_DOCUMENTATION_COMMENTS = YES;
				CLANG_WARN_EMPTY_BODY = YES;
				CLANG_WARN_ENUM_CONVERSION = YES;
				CLANG_WARN_INFINITE_RECURSION = YES;
				CLANG_WARN_INT_CONVERSION = YES;
				CLANG_WARN_NON_LITERAL_NULL_CONVERSION = YES;
				CLANG_WARN_OBJC_IMPLICIT_RETAIN_SELF = YES;
				CLANG_WARN_OBJC_LITERAL_CONVERSION = YES;
				CLANG_WARN_OBJC_ROOT_CLASS = YES_ERROR;
				CLANG_WARN_QUOTED_INCLUDE_IN_FRAMEWORK_HEADER = YES;
				CLANG_WARN_RANGE_LOOP_ANALYSIS = YES;
				CLANG_WARN_STRICT_PROTOTYPES = YES;
				CLANG_WARN_SUSPICIOUS_MOVE = YES;
				CLANG_WARN_UNGUARDED_AVAILABILITY = YES_AGGRESSIVE;
				CLANG_WARN_UNREACHABLE_CODE = YES;
				CLANG_WARN__DUPLICATE_METHOD_MATCH = YES;
				COPY_PHASE_STRIP = NO;
				DEBUG_INFORMATION_FORMAT = dwarf;
				ENABLE_STRICT_OBJC_MSGSEND = YES;
				ENABLE_TESTABILITY = YES;
				ENABLE_USER_SCRIPT_SANDBOXING = YES;
				GCC_C_LANGUAGE_STANDARD = gnu17;
				GCC_DYNAMIC_NO_PIC = NO;
				GCC_NO_COMMON_BLOCKS = YES;
				GCC_OPTIMIZATION_LEVEL = 0;
				GCC_PREPROCESSOR_DEFINITIONS = (
					"DEBUG=1",
					"$(inherited)",
				);
				GCC_WARN_64_TO_32_BIT_CONVERSION = YES;
				GCC_WARN_ABOUT_RETURN_TYPE = YES_ERROR;
				GCC_WARN_UNDECLARED_SELECTOR = YES;
				GCC_WARN_UNINITIALIZED_AUTOS = YES_AGGRESSIVE;
				GCC_WARN_UNUSED_FUNCTION = YES;
				GCC_WARN_UNUSED_VARIABLE = YES;
				IPHONEOS_DEPLOYMENT_TARGET = 17.4;
				LOCALIZATION_PREFERS_STRING_CATALOGS = YES;
				MTL_ENABLE_DEBUG_INFO = INCLUDE_SOURCE;
				MTL_FAST_MATH = YES;
				ONLY_ACTIVE_ARCH = YES;
				SDKROOT = iphoneos;
				SWIFT_ACTIVE_COMPILATION_CONDITIONS = "DEBUG $(inherited)";
				SWIFT_OPTIMIZATION_LEVEL = "-Onone";
			};
			name = Debug;
		};
		19613D142BB48B4800738E6C /* Release */ = {
			isa = XCBuildConfiguration;
			buildSettings = {
				ALWAYS_SEARCH_USER_PATHS = NO;
				ASSETCATALOG_COMPILER_GENERATE_SWIFT_ASSET_SYMBOL_EXTENSIONS = YES;
				CLANG_ANALYZER_NONNULL = YES;
				CLANG_ANALYZER_NUMBER_OBJECT_CONVERSION = YES_AGGRESSIVE;
				CLANG_CXX_LANGUAGE_STANDARD = "gnu++20";
				CLANG_ENABLE_MODULES = YES;
				CLANG_ENABLE_OBJC_ARC = YES;
				CLANG_ENABLE_OBJC_WEAK = YES;
				CLANG_WARN_BLOCK_CAPTURE_AUTORELEASING = YES;
				CLANG_WARN_BOOL_CONVERSION = YES;
				CLANG_WARN_COMMA = YES;
				CLANG_WARN_CONSTANT_CONVERSION = YES;
				CLANG_WARN_DEPRECATED_OBJC_IMPLEMENTATIONS = YES;
				CLANG_WARN_DIRECT_OBJC_ISA_USAGE = YES_ERROR;
				CLANG_WARN_DOCUMENTATION_COMMENTS = YES;
				CLANG_WARN_EMPTY_BODY = YES;
				CLANG_WARN_ENUM_CONVERSION = YES;
				CLANG_WARN_INFINITE_RECURSION = YES;
				CLANG_WARN_INT_CONVERSION = YES;
				CLANG_WARN_NON_LITERAL_NULL_CONVERSION = YES;
				CLANG_WARN_OBJC_IMPLICIT_RETAIN_SELF = YES;
				CLANG_WARN_OBJC_LITERAL_CONVERSION = YES;
				CLANG_WARN_OBJC_ROOT_CLASS = YES_ERROR;
				CLANG_WARN_QUOTED_INCLUDE_IN_FRAMEWORK_HEADER = YES;
				CLANG_WARN_RANGE_LOOP_ANALYSIS = YES;
				CLANG_WARN_STRICT_PROTOTYPES = YES;
				CLANG_WARN_SUSPICIOUS_MOVE = YES;
				CLANG_WARN_UNGUARDED_AVAILABILITY = YES_AGGRESSIVE;
				CLANG_WARN_UNREACHABLE_CODE = YES;
				CLANG_WARN__DUPLICATE_METHOD_MATCH = YES;
				COPY_PHASE_STRIP = NO;
				DEBUG_INFORMATION_FORMAT = "dwarf-with-dsym";
				ENABLE_NS_ASSERTIONS = NO;
				ENABLE_STRICT_OBJC_MSGSEND = YES;
				ENABLE_USER_SCRIPT_SANDBOXING = YES;
				GCC_C_LANGUAGE_STANDARD = gnu17;
				GCC_NO_COMMON_BLOCKS = YES;
				GCC_WARN_64_TO_32_BIT_CONVERSION = YES;
				GCC_WARN_ABOUT_RETURN_TYPE = YES_ERROR;
				GCC_WARN_UNDECLARED_SELECTOR = YES;
				GCC_WARN_UNINITIALIZED_AUTOS = YES_AGGRESSIVE;
				GCC_WARN_UNUSED_FUNCTION = YES;
				GCC_WARN_UNUSED_VARIABLE = YES;
				IPHONEOS_DEPLOYMENT_TARGET = 17.4;
				LOCALIZATION_PREFERS_STRING_CATALOGS = YES;
				MTL_ENABLE_DEBUG_INFO = NO;
				MTL_FAST_MATH = YES;
				SDKROOT = iphoneos;
				SWIFT_COMPILATION_MODE = wholemodule;
				VALIDATE_PRODUCT = YES;
			};
			name = Release;
		};
		19613D162BB48B4800738E6C /* Debug */ = {
			isa = XCBuildConfiguration;
			buildSettings = {
				ALWAYS_EMBED_SWIFT_STANDARD_LIBRARIES = YES;
				ASSETCATALOG_COMPILER_APPICON_NAME = AppIcon;
				ASSETCATALOG_COMPILER_GLOBAL_ACCENT_COLOR_NAME = AccentColor;
				CODE_SIGN_STYLE = Automatic;
				CURRENT_PROJECT_VERSION = 1;
				DEVELOPMENT_ASSET_PATHS = "\"MC04/Preview Content\"";
				DEVELOPMENT_TEAM = 8LW8TUQS66;
				ENABLE_PREVIEWS = YES;
				GENERATE_INFOPLIST_FILE = YES;
				INFOPLIST_FILE = MC04/Info.plist;
				INFOPLIST_KEY_UIApplicationSceneManifest_Generation = YES;
				INFOPLIST_KEY_UIApplicationSupportsIndirectInputEvents = YES;
				INFOPLIST_KEY_UILaunchScreen_Generation = YES;
				INFOPLIST_KEY_UISupportedInterfaceOrientations_iPad = "UIInterfaceOrientationPortrait UIInterfaceOrientationPortraitUpsideDown UIInterfaceOrientationLandscapeLeft UIInterfaceOrientationLandscapeRight";
				INFOPLIST_KEY_UISupportedInterfaceOrientations_iPhone = "UIInterfaceOrientationPortrait UIInterfaceOrientationLandscapeLeft UIInterfaceOrientationLandscapeRight";
				LD_RUNPATH_SEARCH_PATHS = (
					"$(inherited)",
					"@executable_path/Frameworks",
				);
				MARKETING_VERSION = 1.0;
				PRODUCT_BUNDLE_IDENTIFIER = andreucci.MC04;
				PRODUCT_NAME = "$(TARGET_NAME)";
				SWIFT_EMIT_LOC_STRINGS = YES;
				SWIFT_VERSION = 5.0;
				TARGETED_DEVICE_FAMILY = "1,2";
			};
			name = Debug;
		};
		19613D172BB48B4800738E6C /* Release */ = {
			isa = XCBuildConfiguration;
			buildSettings = {
				ALWAYS_EMBED_SWIFT_STANDARD_LIBRARIES = YES;
				ASSETCATALOG_COMPILER_APPICON_NAME = AppIcon;
				ASSETCATALOG_COMPILER_GLOBAL_ACCENT_COLOR_NAME = AccentColor;
				CODE_SIGN_STYLE = Automatic;
				CURRENT_PROJECT_VERSION = 1;
				DEVELOPMENT_ASSET_PATHS = "\"MC04/Preview Content\"";
				DEVELOPMENT_TEAM = 8LW8TUQS66;
				ENABLE_PREVIEWS = YES;
				GENERATE_INFOPLIST_FILE = YES;
				INFOPLIST_FILE = MC04/Info.plist;
				INFOPLIST_KEY_UIApplicationSceneManifest_Generation = YES;
				INFOPLIST_KEY_UIApplicationSupportsIndirectInputEvents = YES;
				INFOPLIST_KEY_UILaunchScreen_Generation = YES;
				INFOPLIST_KEY_UISupportedInterfaceOrientations_iPad = "UIInterfaceOrientationPortrait UIInterfaceOrientationPortraitUpsideDown UIInterfaceOrientationLandscapeLeft UIInterfaceOrientationLandscapeRight";
				INFOPLIST_KEY_UISupportedInterfaceOrientations_iPhone = "UIInterfaceOrientationPortrait UIInterfaceOrientationLandscapeLeft UIInterfaceOrientationLandscapeRight";
				LD_RUNPATH_SEARCH_PATHS = (
					"$(inherited)",
					"@executable_path/Frameworks",
				);
				MARKETING_VERSION = 1.0;
				PRODUCT_BUNDLE_IDENTIFIER = andreucci.MC04;
				PRODUCT_NAME = "$(TARGET_NAME)";
				SWIFT_EMIT_LOC_STRINGS = YES;
				SWIFT_VERSION = 5.0;
				TARGETED_DEVICE_FAMILY = "1,2";
			};
			name = Release;
		};
/* End XCBuildConfiguration section */

/* Begin XCConfigurationList section */
		00A867542BC8772200EFD23A /* Build configuration list for PBXNativeTarget "DandieWatch Watch App" */ = {
			isa = XCConfigurationList;
			buildConfigurations = (
				00A867522BC8772200EFD23A /* Debug */,
				00A867532BC8772200EFD23A /* Release */,
			);
			defaultConfigurationIsVisible = 0;
			defaultConfigurationName = Release;
		};
		19613D022BB48B4600738E6C /* Build configuration list for PBXProject "MC04" */ = {
			isa = XCConfigurationList;
			buildConfigurations = (
				19613D132BB48B4800738E6C /* Debug */,
				19613D142BB48B4800738E6C /* Release */,
			);
			defaultConfigurationIsVisible = 0;
			defaultConfigurationName = Release;
		};
		19613D152BB48B4800738E6C /* Build configuration list for PBXNativeTarget "Dandie" */ = {
			isa = XCConfigurationList;
			buildConfigurations = (
				19613D162BB48B4800738E6C /* Debug */,
				19613D172BB48B4800738E6C /* Release */,
			);
			defaultConfigurationIsVisible = 0;
			defaultConfigurationName = Release;
		};
/* End XCConfigurationList section */
	};
	rootObject = 19613CFF2BB48B4600738E6C /* Project object */;
}
