{
  "originHash" : "a10bd165369c8b1d94d0523f24f70b9995b3b51fa95756087fcec4f622a5282d",
  "pins" : [
    {
      "identity" : "aptabase-swift",
      "kind" : "remoteSourceControl",
      "location" : "https://github.com/aptabase/aptabase-swift.git",
      "state" : {
        "revision" : "62e47dad9b6900042a801eafdabb2023d259938e",
        "version" : "0.3.8"
      }
    }
  ],
  "version" : 3
}
