{
  "originHash" : "1561ee4128d8e2a23df313d188468e0e7d99bbc124d24e9477bccf47f3946fa8",
  "pins" : [
    {
      "identity" : "aptabase-swift",
      "kind" : "remoteSourceControl",
      "location" : "https://github.com/aptabase/aptabase-swift.git",
      "state" : {
        "revision" : "62e47dad9b6900042a801eafdabb2023d259938e",
        "version" : "0.3.8"
      }
    }
  ],
  "version" : 3
}
